
Microsoft Visual Studio Solution File, Format Version 12.00
# Visual Studio Version 16
VisualStudioVersion = 16.0.32802.440
MinimumVisualStudioVersion = 10.0.40219.1
Project("{9A19103F-16F7-4668-BE54-9A1E7A4F7556}") = "InsuranceServices.DrCaptcha.ir", "InsuranceServices.DrCaptcha.ir\InsuranceServices.DrCaptcha.ir.csproj", "{2ADAD891-CA16-49F8-A859-9870009941DF}"
EndProject
Global
	GlobalSection(SolutionConfigurationPlatforms) = preSolution
		Debug|Any CPU = Debug|Any CPU
		Release|Any CPU = Release|Any CPU
	EndGlobalSection
	GlobalSection(ProjectConfigurationPlatforms) = postSolution
		{2ADAD891-CA16-49F8-A859-9870009941DF}.Debug|Any CPU.ActiveCfg = Debug|Any CPU
		{2ADAD891-CA16-49F8-A859-9870009941DF}.Debug|Any CPU.Build.0 = Debug|Any CPU
		{2ADAD891-CA16-49F8-A859-9870009941DF}.Release|Any CPU.ActiveCfg = Release|Any CPU
		{2ADAD891-CA16-49F8-A859-9870009941DF}.Release|Any CPU.Build.0 = Release|Any CPU
	EndGlobalSection
	GlobalSection(SolutionProperties) = preSolution
		HideSolutionNode = FALSE
	EndGlobalSection
	GlobalSection(ExtensibilityGlobals) = postSolution
		SolutionGuid = {0D5E258F-F169-4A0C-B670-66A2D3C3FA13}
	EndGlobalSection
EndGlobal
